
Microsoft Visual Studio Solution File, Format Version 12.00
# Visual Studio 15
VisualStudioVersion = 15.0.28307.1267
MinimumVisualStudioVersion = 10.0.40219.1
Project("{FAE04EC0-301F-11D3-BF4B-00C04F79EFBC}") = "ProyectoAAVD", "ProyectoAAVD\ProyectoAAVD.csproj", "{52723986-BC56-4F4F-98B7-46E7A64F94B2}"
EndProject
Global
	GlobalSection(SolutionConfigurationPlatforms) = preSolution
		Debug|Any CPU = Debug|Any CPU
		Release|Any CPU = Release|Any CPU
	EndGlobalSection
	GlobalSection(ProjectConfigurationPlatforms) = postSolution
		{52723986-BC56-4F4F-98B7-46E7A64F94B2}.Debug|Any CPU.ActiveCfg = Debug|Any CPU
		{52723986-BC56-4F4F-98B7-46E7A64F94B2}.Debug|Any CPU.Build.0 = Debug|Any CPU
		{52723986-BC56-4F4F-98B7-46E7A64F94B2}.Release|Any CPU.ActiveCfg = Release|Any CPU
		{52723986-BC56-4F4F-98B7-46E7A64F94B2}.Release|Any CPU.Build.0 = Release|Any CPU
	EndGlobalSection
	GlobalSection(SolutionProperties) = preSolution
		HideSolutionNode = FALSE
	EndGlobalSection
	GlobalSection(ExtensibilityGlobals) = postSolution
		SolutionGuid = {F6339A1E-2A9B-4FA5-910C-4BABF9DBEC90}
	EndGlobalSection
EndGlobal
